// !$*UTF8*$!
{
	archiveVersion = 1;
	classes = {
	};
	objectVersion = 55;
	objects = {

/* Begin PBXBuildFile section */
		D025A83528288D03004C0DB3 /* GoogleService-Info.plist in Resources */ = {isa = PBXBuildFile; fileRef = D025A83428288D03004C0DB3 /* GoogleService-Info.plist */; };
		D025A8382828AB12004C0DB3 /* FirebaseAnalytics in Frameworks */ = {isa = PBXBuildFile; productRef = D025A8372828AB12004C0DB3 /* FirebaseAnalytics */; };
		D025A83A2828AB12004C0DB3 /* FirebaseAuth in Frameworks */ = {isa = PBXBuildFile; productRef = D025A8392828AB12004C0DB3 /* FirebaseAuth */; };
		D025A83C2828AB12004C0DB3 /* FirebaseDatabase in Frameworks */ = {isa = PBXBuildFile; productRef = D025A83B2828AB12004C0DB3 /* FirebaseDatabase */; };
		D025A83E2828AB12004C0DB3 /* FirebaseStorage in Frameworks */ = {isa = PBXBuildFile; productRef = D025A83D2828AB12004C0DB3 /* FirebaseStorage */; };
		D038FB6D2828B76A00BE5C76 /* Constants.swift in Sources */ = {isa = PBXBuildFile; fileRef = D038FB6C2828B76A00BE5C76 /* Constants.swift */; };
		D0FD0D162825BAD6000FE708 /* AppDelegate.swift in Sources */ = {isa = PBXBuildFile; fileRef = D0FD0D152825BAD6000FE708 /* AppDelegate.swift */; };
		D0FD0D182825BAD6000FE708 /* SceneDelegate.swift in Sources */ = {isa = PBXBuildFile; fileRef = D0FD0D172825BAD6000FE708 /* SceneDelegate.swift */; };
		D0FD0D1D2825BAD6000FE708 /* Main.storyboard in Resources */ = {isa = PBXBuildFile; fileRef = D0FD0D1B2825BAD6000FE708 /* Main.storyboard */; };
		D0FD0D1F2825BADA000FE708 /* Assets.xcassets in Resources */ = {isa = PBXBuildFile; fileRef = D0FD0D1E2825BADA000FE708 /* Assets.xcassets */; };
		D0FD0D222825BADA000FE708 /* LaunchScreen.storyboard in Resources */ = {isa = PBXBuildFile; fileRef = D0FD0D202825BADA000FE708 /* LaunchScreen.storyboard */; };
		D0FD0D312825BBFC000FE708 /* MainTabBarController.swift in Sources */ = {isa = PBXBuildFile; fileRef = D0FD0D302825BBFC000FE708 /* MainTabBarController.swift */; };
		D0FD0D332825BDE9000FE708 /* FeedController.swift in Sources */ = {isa = PBXBuildFile; fileRef = D0FD0D322825BDE9000FE708 /* FeedController.swift */; };
		D0FD0D352825BE21000FE708 /* ExploreController.swift in Sources */ = {isa = PBXBuildFile; fileRef = D0FD0D342825BE21000FE708 /* ExploreController.swift */; };
		D0FD0D372825BE2C000FE708 /* NotificationsController.swift in Sources */ = {isa = PBXBuildFile; fileRef = D0FD0D362825BE2C000FE708 /* NotificationsController.swift */; };
		D0FD0D392825BE35000FE708 /* ConversationsController.swift in Sources */ = {isa = PBXBuildFile; fileRef = D0FD0D382825BE35000FE708 /* ConversationsController.swift */; };
		D0FD0D3B282739C0000FE708 /* Extensions.swift in Sources */ = {isa = PBXBuildFile; fileRef = D0FD0D3A282739C0000FE708 /* Extensions.swift */; };
		D0FD0D3E2827497E000FE708 /* LoginController.swift in Sources */ = {isa = PBXBuildFile; fileRef = D0FD0D3D2827497E000FE708 /* LoginController.swift */; };
		D0FD0D40282749F8000FE708 /* RegistrationController.swift in Sources */ = {isa = PBXBuildFile; fileRef = D0FD0D3F282749F8000FE708 /* RegistrationController.swift */; };
		D0FD0D42282763C4000FE708 /* Utilities.swift in Sources */ = {isa = PBXBuildFile; fileRef = D0FD0D41282763C4000FE708 /* Utilities.swift */; };
/* End PBXBuildFile section */

/* Begin PBXFileReference section */
		D025A83428288D03004C0DB3 /* GoogleService-Info.plist */ = {isa = PBXFileReference; fileEncoding = 4; lastKnownFileType = text.plist.xml; path = "GoogleService-Info.plist"; sourceTree = "<group>"; };
		D038FB6C2828B76A00BE5C76 /* Constants.swift */ = {isa = PBXFileReference; lastKnownFileType = sourcecode.swift; path = Constants.swift; sourceTree = "<group>"; };
		D0FD0D122825BAD6000FE708 /* TwitterTutorial.app */ = {isa = PBXFileReference; explicitFileType = wrapper.application; includeInIndex = 0; path = TwitterTutorial.app; sourceTree = BUILT_PRODUCTS_DIR; };
		D0FD0D152825BAD6000FE708 /* AppDelegate.swift */ = {isa = PBXFileReference; lastKnownFileType = sourcecode.swift; path = AppDelegate.swift; sourceTree = "<group>"; };
		D0FD0D172825BAD6000FE708 /* SceneDelegate.swift */ = {isa = PBXFileReference; lastKnownFileType = sourcecode.swift; path = SceneDelegate.swift; sourceTree = "<group>"; };
		D0FD0D1C2825BAD6000FE708 /* Base */ = {isa = PBXFileReference; lastKnownFileType = file.storyboard; name = Base; path = Base.lproj/Main.storyboard; sourceTree = "<group>"; };
		D0FD0D1E2825BADA000FE708 /* Assets.xcassets */ = {isa = PBXFileReference; lastKnownFileType = folder.assetcatalog; path = Assets.xcassets; sourceTree = "<group>"; };
		D0FD0D212825BADA000FE708 /* Base */ = {isa = PBXFileReference; lastKnownFileType = file.storyboard; name = Base; path = Base.lproj/LaunchScreen.storyboard; sourceTree = "<group>"; };
		D0FD0D232825BADA000FE708 /* Info.plist */ = {isa = PBXFileReference; lastKnownFileType = text.plist.xml; path = Info.plist; sourceTree = "<group>"; };
		D0FD0D302825BBFC000FE708 /* MainTabBarController.swift */ = {isa = PBXFileReference; lastKnownFileType = sourcecode.swift; path = MainTabBarController.swift; sourceTree = "<group>"; };
		D0FD0D322825BDE9000FE708 /* FeedController.swift */ = {isa = PBXFileReference; lastKnownFileType = sourcecode.swift; path = FeedController.swift; sourceTree = "<group>"; };
		D0FD0D342825BE21000FE708 /* ExploreController.swift */ = {isa = PBXFileReference; lastKnownFileType = sourcecode.swift; path = ExploreController.swift; sourceTree = "<group>"; };
		D0FD0D362825BE2C000FE708 /* NotificationsController.swift */ = {isa = PBXFileReference; lastKnownFileType = sourcecode.swift; path = NotificationsController.swift; sourceTree = "<group>"; };
		D0FD0D382825BE35000FE708 /* ConversationsController.swift */ = {isa = PBXFileReference; lastKnownFileType = sourcecode.swift; path = ConversationsController.swift; sourceTree = "<group>"; };
		D0FD0D3A282739C0000FE708 /* Extensions.swift */ = {isa = PBXFileReference; lastKnownFileType = sourcecode.swift; path = Extensions.swift; sourceTree = "<group>"; };
		D0FD0D3D2827497E000FE708 /* LoginController.swift */ = {isa = PBXFileReference; lastKnownFileType = sourcecode.swift; path = LoginController.swift; sourceTree = "<group>"; };
		D0FD0D3F282749F8000FE708 /* RegistrationController.swift */ = {isa = PBXFileReference; lastKnownFileType = sourcecode.swift; path = RegistrationController.swift; sourceTree = "<group>"; };
		D0FD0D41282763C4000FE708 /* Utilities.swift */ = {isa = PBXFileReference; lastKnownFileType = sourcecode.swift; path = Utilities.swift; sourceTree = "<group>"; };
/* End PBXFileReference section */

/* Begin PBXFrameworksBuildPhase section */
		D0FD0D0F2825BAD6000FE708 /* Frameworks */ = {
			isa = PBXFrameworksBuildPhase;
			buildActionMask = 2147483647;
			files = (
				D025A83C2828AB12004C0DB3 /* FirebaseDatabase in Frameworks */,
				D025A83E2828AB12004C0DB3 /* FirebaseStorage in Frameworks */,
				D025A8382828AB12004C0DB3 /* FirebaseAnalytics in Frameworks */,
				D025A83A2828AB12004C0DB3 /* FirebaseAuth in Frameworks */,
			);
			runOnlyForDeploymentPostprocessing = 0;
		};
/* End PBXFrameworksBuildPhase section */

/* Begin PBXGroup section */
		D0FD0D092825BAD5000FE708 = {
			isa = PBXGroup;
			children = (
				D0FD0D142825BAD6000FE708 /* TwitterTutorial */,
				D0FD0D132825BAD6000FE708 /* Products */,
			);
			sourceTree = "<group>";
		};
		D0FD0D132825BAD6000FE708 /* Products */ = {
			isa = PBXGroup;
			children = (
				D0FD0D122825BAD6000FE708 /* TwitterTutorial.app */,
			);
			name = Products;
			sourceTree = "<group>";
		};
		D0FD0D142825BAD6000FE708 /* TwitterTutorial */ = {
			isa = PBXGroup;
			children = (
				D0FD0D2F2825BB26000FE708 /* Model */,
				D0FD0D2E2825BB24000FE708 /* View */,
				D0FD0D2D2825BB22000FE708 /* ViewModel */,
				D0FD0D2C2825BB1F000FE708 /* Controller */,
				D0FD0D2B2825BB1D000FE708 /* API */,
				D0FD0D2A2825BB1A000FE708 /* Utils */,
				D0FD0D152825BAD6000FE708 /* AppDelegate.swift */,
				D0FD0D172825BAD6000FE708 /* SceneDelegate.swift */,
				D0FD0D1B2825BAD6000FE708 /* Main.storyboard */,
				D0FD0D1E2825BADA000FE708 /* Assets.xcassets */,
				D0FD0D202825BADA000FE708 /* LaunchScreen.storyboard */,
				D0FD0D232825BADA000FE708 /* Info.plist */,
				D025A83428288D03004C0DB3 /* GoogleService-Info.plist */,
			);
			path = TwitterTutorial;
			sourceTree = "<group>";
		};
		D0FD0D2A2825BB1A000FE708 /* Utils */ = {
			isa = PBXGroup;
			children = (
				D0FD0D3A282739C0000FE708 /* Extensions.swift */,
				D0FD0D41282763C4000FE708 /* Utilities.swift */,
				D038FB6C2828B76A00BE5C76 /* Constants.swift */,
			);
			path = Utils;
			sourceTree = "<group>";
		};
		D0FD0D2B2825BB1D000FE708 /* API */ = {
			isa = PBXGroup;
			children = (
			);
			path = API;
			sourceTree = "<group>";
		};
		D0FD0D2C2825BB1F000FE708 /* Controller */ = {
			isa = PBXGroup;
			children = (
				D0FD0D3C2827495F000FE708 /* Authentication */,
				D0FD0D302825BBFC000FE708 /* MainTabBarController.swift */,
				D0FD0D322825BDE9000FE708 /* FeedController.swift */,
				D0FD0D342825BE21000FE708 /* ExploreController.swift */,
				D0FD0D362825BE2C000FE708 /* NotificationsController.swift */,
				D0FD0D382825BE35000FE708 /* ConversationsController.swift */,
			);
			path = Controller;
			sourceTree = "<group>";
		};
		D0FD0D2D2825BB22000FE708 /* ViewModel */ = {
			isa = PBXGroup;
			children = (
			);
			path = ViewModel;
			sourceTree = "<group>";
		};
		D0FD0D2E2825BB24000FE708 /* View */ = {
			isa = PBXGroup;
			children = (
			);
			path = View;
			sourceTree = "<group>";
		};
		D0FD0D2F2825BB26000FE708 /* Model */ = {
			isa = PBXGroup;
			children = (
			);
			path = Model;
			sourceTree = "<group>";
		};
		D0FD0D3C2827495F000FE708 /* Authentication */ = {
			isa = PBXGroup;
			children = (
				D0FD0D3D2827497E000FE708 /* LoginController.swift */,
				D0FD0D3F282749F8000FE708 /* RegistrationController.swift */,
			);
			path = Authentication;
			sourceTree = "<group>";
		};
/* End PBXGroup section */

/* Begin PBXNativeTarget section */
		D0FD0D112825BAD6000FE708 /* TwitterTutorial */ = {
			isa = PBXNativeTarget;
			buildConfigurationList = D0FD0D262825BADA000FE708 /* Build configuration list for PBXNativeTarget "TwitterTutorial" */;
			buildPhases = (
				D0FD0D0E2825BAD6000FE708 /* Sources */,
				D0FD0D0F2825BAD6000FE708 /* Frameworks */,
				D0FD0D102825BAD6000FE708 /* Resources */,
			);
			buildRules = (
			);
			dependencies = (
			);
			name = TwitterTutorial;
			packageProductDependencies = (
				D025A8372828AB12004C0DB3 /* FirebaseAnalytics */,
				D025A8392828AB12004C0DB3 /* FirebaseAuth */,
				D025A83B2828AB12004C0DB3 /* FirebaseDatabase */,
				D025A83D2828AB12004C0DB3 /* FirebaseStorage */,
			);
			productName = TwitterTutorial;
			productReference = D0FD0D122825BAD6000FE708 /* TwitterTutorial.app */;
			productType = "com.apple.product-type.application";
		};
/* End PBXNativeTarget section */

/* Begin PBXProject section */
		D0FD0D0A2825BAD5000FE708 /* Project object */ = {
			isa = PBXProject;
			attributes = {
				BuildIndependentTargetsInParallel = 1;
				LastSwiftUpdateCheck = 1330;
				LastUpgradeCheck = 1330;
				TargetAttributes = {
					D0FD0D112825BAD6000FE708 = {
						CreatedOnToolsVersion = 13.3.1;
					};
				};
			};
			buildConfigurationList = D0FD0D0D2825BAD5000FE708 /* Build configuration list for PBXProject "TwitterTutorial" */;
			compatibilityVersion = "Xcode 13.0";
			developmentRegion = en;
			hasScannedForEncodings = 0;
			knownRegions = (
				en,
				Base,
			);
			mainGroup = D0FD0D092825BAD5000FE708;
			packageReferences = (
				D025A8362828AB12004C0DB3 /* XCRemoteSwiftPackageReference "firebase-ios-sdk" */,
			);
			productRefGroup = D0FD0D132825BAD6000FE708 /* Products */;
			projectDirPath = "";
			projectRoot = "";
			targets = (
				D0FD0D112825BAD6000FE708 /* TwitterTutorial */,
			);
		};
/* End PBXProject section */

/* Begin PBXResourcesBuildPhase section */
		D0FD0D102825BAD6000FE708 /* Resources */ = {
			isa = PBXResourcesBuildPhase;
			buildActionMask = 2147483647;
			files = (
				D0FD0D222825BADA000FE708 /* LaunchScreen.storyboard in Resources */,
				D025A83528288D03004C0DB3 /* GoogleService-Info.plist in Resources */,
				D0FD0D1F2825BADA000FE708 /* Assets.xcassets in Resources */,
				D0FD0D1D2825BAD6000FE708 /* Main.storyboard in Resources */,
			);
			runOnlyForDeploymentPostprocessing = 0;
		};
/* End PBXResourcesBuildPhase section */

/* Begin PBXSourcesBuildPhase section */
		D0FD0D0E2825BAD6000FE708 /* Sources */ = {
			isa = PBXSourcesBuildPhase;
			buildActionMask = 2147483647;
			files = (
				D0FD0D372825BE2C000FE708 /* NotificationsController.swift in Sources */,
				D0FD0D392825BE35000FE708 /* ConversationsController.swift in Sources */,
				D0FD0D42282763C4000FE708 /* Utilities.swift in Sources */,
				D0FD0D162825BAD6000FE708 /* AppDelegate.swift in Sources */,
				D0FD0D3B282739C0000FE708 /* Extensions.swift in Sources */,
				D0FD0D3E2827497E000FE708 /* LoginController.swift in Sources */,
				D0FD0D352825BE21000FE708 /* ExploreController.swift in Sources */,
				D0FD0D182825BAD6000FE708 /* SceneDelegate.swift in Sources */,
				D0FD0D312825BBFC000FE708 /* MainTabBarController.swift in Sources */,
				D0FD0D40282749F8000FE708 /* RegistrationController.swift in Sources */,
				D0FD0D332825BDE9000FE708 /* FeedController.swift in Sources */,
				D038FB6D2828B76A00BE5C76 /* Constants.swift in Sources */,
			);
			runOnlyForDeploymentPostprocessing = 0;
		};
/* End PBXSourcesBuildPhase section */

/* Begin PBXVariantGroup section */
		D0FD0D1B2825BAD6000FE708 /* Main.storyboard */ = {
			isa = PBXVariantGroup;
			children = (
				D0FD0D1C2825BAD6000FE708 /* Base */,
			);
			name = Main.storyboard;
			sourceTree = "<group>";
		};
		D0FD0D202825BADA000FE708 /* LaunchScreen.storyboard */ = {
			isa = PBXVariantGroup;
			children = (
				D0FD0D212825BADA000FE708 /* Base */,
			);
			name = LaunchScreen.storyboard;
			sourceTree = "<group>";
		};
/* End PBXVariantGroup section */

/* Begin XCBuildConfiguration section */
		D0FD0D242825BADA000FE708 /* Debug */ = {
			isa = XCBuildConfiguration;
			buildSettings = {
				ALWAYS_SEARCH_USER_PATHS = NO;
				CLANG_ANALYZER_NONNULL = YES;
				CLANG_ANALYZER_NUMBER_OBJECT_CONVERSION = YES_AGGRESSIVE;
				CLANG_CXX_LANGUAGE_STANDARD = "gnu++17";
				CLANG_ENABLE_MODULES = YES;
				CLANG_ENABLE_OBJC_ARC = YES;
				CLANG_ENABLE_OBJC_WEAK = YES;
				CLANG_WARN_BLOCK_CAPTURE_AUTORELEASING = YES;
				CLANG_WARN_BOOL_CONVERSION = YES;
				CLANG_WARN_COMMA = YES;
				CLANG_WARN_CONSTANT_CONVERSION = YES;
				CLANG_WARN_DEPRECATED_OBJC_IMPLEMENTATIONS = YES;
				CLANG_WARN_DIRECT_OBJC_ISA_USAGE = YES_ERROR;
				CLANG_WARN_DOCUMENTATION_COMMENTS = YES;
				CLANG_WARN_EMPTY_BODY = YES;
				CLANG_WARN_ENUM_CONVERSION = YES;
				CLANG_WARN_INFINITE_RECURSION = YES;
				CLANG_WARN_INT_CONVERSION = YES;
				CLANG_WARN_NON_LITERAL_NULL_CONVERSION = YES;
				CLANG_WARN_OBJC_IMPLICIT_RETAIN_SELF = YES;
				CLANG_WARN_OBJC_LITERAL_CONVERSION = YES;
				CLANG_WARN_OBJC_ROOT_CLASS = YES_ERROR;
				CLANG_WARN_QUOTED_INCLUDE_IN_FRAMEWORK_HEADER = YES;
				CLANG_WARN_RANGE_LOOP_ANALYSIS = YES;
				CLANG_WARN_STRICT_PROTOTYPES = YES;
				CLANG_WARN_SUSPICIOUS_MOVE = YES;
				CLANG_WARN_UNGUARDED_AVAILABILITY = YES_AGGRESSIVE;
				CLANG_WARN_UNREACHABLE_CODE = YES;
				CLANG_WARN__DUPLICATE_METHOD_MATCH = YES;
				COPY_PHASE_STRIP = NO;
				DEBUG_INFORMATION_FORMAT = dwarf;
				ENABLE_STRICT_OBJC_MSGSEND = YES;
				ENABLE_TESTABILITY = YES;
				GCC_C_LANGUAGE_STANDARD = gnu11;
				GCC_DYNAMIC_NO_PIC = NO;
				GCC_NO_COMMON_BLOCKS = YES;
				GCC_OPTIMIZATION_LEVEL = 0;
				GCC_PREPROCESSOR_DEFINITIONS = (
					"DEBUG=1",
					"$(inherited)",
				);
				GCC_WARN_64_TO_32_BIT_CONVERSION = YES;
				GCC_WARN_ABOUT_RETURN_TYPE = YES_ERROR;
				GCC_WARN_UNDECLARED_SELECTOR = YES;
				GCC_WARN_UNINITIALIZED_AUTOS = YES_AGGRESSIVE;
				GCC_WARN_UNUSED_FUNCTION = YES;
				GCC_WARN_UNUSED_VARIABLE = YES;
				IPHONEOS_DEPLOYMENT_TARGET = 15.4;
				MTL_ENABLE_DEBUG_INFO = INCLUDE_SOURCE;
				MTL_FAST_MATH = YES;
				ONLY_ACTIVE_ARCH = YES;
				SDKROOT = iphoneos;
				SWIFT_ACTIVE_COMPILATION_CONDITIONS = DEBUG;
				SWIFT_OPTIMIZATION_LEVEL = "-Onone";
			};
			name = Debug;
		};
		D0FD0D252825BADA000FE708 /* Release */ = {
			isa = XCBuildConfiguration;
			buildSettings = {
				ALWAYS_SEARCH_USER_PATHS = NO;
				CLANG_ANALYZER_NONNULL = YES;
				CLANG_ANALYZER_NUMBER_OBJECT_CONVERSION = YES_AGGRESSIVE;
				CLANG_CXX_LANGUAGE_STANDARD = "gnu++17";
				CLANG_ENABLE_MODULES = YES;
				CLANG_ENABLE_OBJC_ARC = YES;
				CLANG_ENABLE_OBJC_WEAK = YES;
				CLANG_WARN_BLOCK_CAPTURE_AUTORELEASING = YES;
				CLANG_WARN_BOOL_CONVERSION = YES;
				CLANG_WARN_COMMA = YES;
				CLANG_WARN_CONSTANT_CONVERSION = YES;
				CLANG_WARN_DEPRECATED_OBJC_IMPLEMENTATIONS = YES;
				CLANG_WARN_DIRECT_OBJC_ISA_USAGE = YES_ERROR;
				CLANG_WARN_DOCUMENTATION_COMMENTS = YES;
				CLANG_WARN_EMPTY_BODY = YES;
				CLANG_WARN_ENUM_CONVERSION = YES;
				CLANG_WARN_INFINITE_RECURSION = YES;
				CLANG_WARN_INT_CONVERSION = YES;
				CLANG_WARN_NON_LITERAL_NULL_CONVERSION = YES;
				CLANG_WARN_OBJC_IMPLICIT_RETAIN_SELF = YES;
				CLANG_WARN_OBJC_LITERAL_CONVERSION = YES;
				CLANG_WARN_OBJC_ROOT_CLASS = YES_ERROR;
				CLANG_WARN_QUOTED_INCLUDE_IN_FRAMEWORK_HEADER = YES;
				CLANG_WARN_RANGE_LOOP_ANALYSIS = YES;
				CLANG_WARN_STRICT_PROTOTYPES = YES;
				CLANG_WARN_SUSPICIOUS_MOVE = YES;
				CLANG_WARN_UNGUARDED_AVAILABILITY = YES_AGGRESSIVE;
				CLANG_WARN_UNREACHABLE_CODE = YES;
				CLANG_WARN__DUPLICATE_METHOD_MATCH = YES;
				COPY_PHASE_STRIP = NO;
				DEBUG_INFORMATION_FORMAT = "dwarf-with-dsym";
				ENABLE_NS_ASSERTIONS = NO;
				ENABLE_STRICT_OBJC_MSGSEND = YES;
				GCC_C_LANGUAGE_STANDARD = gnu11;
				GCC_NO_COMMON_BLOCKS = YES;
				GCC_WARN_64_TO_32_BIT_CONVERSION = YES;
				GCC_WARN_ABOUT_RETURN_TYPE = YES_ERROR;
				GCC_WARN_UNDECLARED_SELECTOR = YES;
				GCC_WARN_UNINITIALIZED_AUTOS = YES_AGGRESSIVE;
				GCC_WARN_UNUSED_FUNCTION = YES;
				GCC_WARN_UNUSED_VARIABLE = YES;
				IPHONEOS_DEPLOYMENT_TARGET = 15.4;
				MTL_ENABLE_DEBUG_INFO = NO;
				MTL_FAST_MATH = YES;
				SDKROOT = iphoneos;
				SWIFT_COMPILATION_MODE = wholemodule;
				SWIFT_OPTIMIZATION_LEVEL = "-O";
				VALIDATE_PRODUCT = YES;
			};
			name = Release;
		};
		D0FD0D272825BADA000FE708 /* Debug */ = {
			isa = XCBuildConfiguration;
			buildSettings = {
				ASSETCATALOG_COMPILER_APPICON_NAME = AppIcon;
				ASSETCATALOG_COMPILER_GLOBAL_ACCENT_COLOR_NAME = AccentColor;
				CODE_SIGN_STYLE = Automatic;
				CURRENT_PROJECT_VERSION = 1;
				DEVELOPMENT_TEAM = L9BCUG724D;
				GENERATE_INFOPLIST_FILE = YES;
				INFOPLIST_FILE = TwitterTutorial/Info.plist;
				INFOPLIST_KEY_UIApplicationSupportsIndirectInputEvents = YES;
				INFOPLIST_KEY_UILaunchStoryboardName = LaunchScreen;
				INFOPLIST_KEY_UIMainStoryboardFile = Main;
				INFOPLIST_KEY_UISupportedInterfaceOrientations_iPad = "UIInterfaceOrientationPortrait UIInterfaceOrientationPortraitUpsideDown UIInterfaceOrientationLandscapeLeft UIInterfaceOrientationLandscapeRight";
				INFOPLIST_KEY_UISupportedInterfaceOrientations_iPhone = "UIInterfaceOrientationPortrait UIInterfaceOrientationLandscapeLeft UIInterfaceOrientationLandscapeRight";
				LD_RUNPATH_SEARCH_PATHS = (
					"$(inherited)",
					"@executable_path/Frameworks",
				);
				MARKETING_VERSION = 1.0;
				PRODUCT_BUNDLE_IDENTIFIER = com.justinviasus.TwitterTutorial;
				PRODUCT_NAME = "$(TARGET_NAME)";
				SWIFT_EMIT_LOC_STRINGS = YES;
				SWIFT_VERSION = 5.0;
				TARGETED_DEVICE_FAMILY = "1,2";
			};
			name = Debug;
		};
		D0FD0D282825BADA000FE708 /* Release */ = {
			isa = XCBuildConfiguration;
			buildSettings = {
				ASSETCATALOG_COMPILER_APPICON_NAME = AppIcon;
				ASSETCATALOG_COMPILER_GLOBAL_ACCENT_COLOR_NAME = AccentColor;
				CODE_SIGN_STYLE = Automatic;
				CURRENT_PROJECT_VERSION = 1;
				DEVELOPMENT_TEAM = L9BCUG724D;
				GENERATE_INFOPLIST_FILE = YES;
				INFOPLIST_FILE = TwitterTutorial/Info.plist;
				INFOPLIST_KEY_UIApplicationSupportsIndirectInputEvents = YES;
				INFOPLIST_KEY_UILaunchStoryboardName = LaunchScreen;
				INFOPLIST_KEY_UIMainStoryboardFile = Main;
				INFOPLIST_KEY_UISupportedInterfaceOrientations_iPad = "UIInterfaceOrientationPortrait UIInterfaceOrientationPortraitUpsideDown UIInterfaceOrientationLandscapeLeft UIInterfaceOrientationLandscapeRight";
				INFOPLIST_KEY_UISupportedInterfaceOrientations_iPhone = "UIInterfaceOrientationPortrait UIInterfaceOrientationLandscapeLeft UIInterfaceOrientationLandscapeRight";
				LD_RUNPATH_SEARCH_PATHS = (
					"$(inherited)",
					"@executable_path/Frameworks",
				);
				MARKETING_VERSION = 1.0;
				PRODUCT_BUNDLE_IDENTIFIER = com.justinviasus.TwitterTutorial;
				PRODUCT_NAME = "$(TARGET_NAME)";
				SWIFT_EMIT_LOC_STRINGS = YES;
				SWIFT_VERSION = 5.0;
				TARGETED_DEVICE_FAMILY = "1,2";
			};
			name = Release;
		};
/* End XCBuildConfiguration section */

/* Begin XCConfigurationList section */
		D0FD0D0D2825BAD5000FE708 /* Build configuration list for PBXProject "TwitterTutorial" */ = {
			isa = XCConfigurationList;
			buildConfigurations = (
				D0FD0D242825BADA000FE708 /* Debug */,
				D0FD0D252825BADA000FE708 /* Release */,
			);
			defaultConfigurationIsVisible = 0;
			defaultConfigurationName = Release;
		};
		D0FD0D262825BADA000FE708 /* Build configuration list for PBXNativeTarget "TwitterTutorial" */ = {
			isa = XCConfigurationList;
			buildConfigurations = (
				D0FD0D272825BADA000FE708 /* Debug */,
				D0FD0D282825BADA000FE708 /* Release */,
			);
			defaultConfigurationIsVisible = 0;
			defaultConfigurationName = Release;
		};
/* End XCConfigurationList section */

/* Begin XCRemoteSwiftPackageReference section */
		D025A8362828AB12004C0DB3 /* XCRemoteSwiftPackageReference "firebase-ios-sdk" */ = {
			isa = XCRemoteSwiftPackageReference;
			repositoryURL = "https://github.com/firebase/firebase-ios-sdk";
			requirement = {
				kind = upToNextMajorVersion;
				minimumVersion = 9.0.0;
			};
		};
/* End XCRemoteSwiftPackageReference section */

/* Begin XCSwiftPackageProductDependency section */
		D025A8372828AB12004C0DB3 /* FirebaseAnalytics */ = {
			isa = XCSwiftPackageProductDependency;
			package = D025A8362828AB12004C0DB3 /* XCRemoteSwiftPackageReference "firebase-ios-sdk" */;
			productName = FirebaseAnalytics;
		};
		D025A8392828AB12004C0DB3 /* FirebaseAuth */ = {
			isa = XCSwiftPackageProductDependency;
			package = D025A8362828AB12004C0DB3 /* XCRemoteSwiftPackageReference "firebase-ios-sdk" */;
			productName = FirebaseAuth;
		};
		D025A83B2828AB12004C0DB3 /* FirebaseDatabase */ = {
			isa = XCSwiftPackageProductDependency;
			package = D025A8362828AB12004C0DB3 /* XCRemoteSwiftPackageReference "firebase-ios-sdk" */;
			productName = FirebaseDatabase;
		};
		D025A83D2828AB12004C0DB3 /* FirebaseStorage */ = {
			isa = XCSwiftPackageProductDependency;
			package = D025A8362828AB12004C0DB3 /* XCRemoteSwiftPackageReference "firebase-ios-sdk" */;
			productName = FirebaseStorage;
		};
/* End XCSwiftPackageProductDependency section */
	};
	rootObject = D0FD0D0A2825BAD5000FE708 /* Project object */;
}
